
Microsoft Visual Studio Solution File, Format Version 12.00
# Visual Studio 15
VisualStudioVersion = 15.0.28010.2003
MinimumVisualStudioVersion = 10.0.40219.1
Project("{FAE04EC0-301F-11D3-BF4B-00C04F79EFBC}") = "MyShuttle.Web", "MyShuttle\MyShuttle.Web.csproj", "{1361CDA1-E16B-4C72-9E91-2B6AE70D5E40}"
EndProject
Project("{FAE04EC0-301F-11D3-BF4B-00C04F79EFBC}") = "MyShuttle.Model", "MyShuttle.Model\MyShuttle.Model.csproj", "{D0414E28-07EE-49E7-A66A-5A4E0A50F5E8}"
EndProject
Project("{FAE04EC0-301F-11D3-BF4B-00C04F79EFBC}") = "MyShuttle.Data", "MyShuttle.Data\MyShuttle.Data.csproj", "{41194EDD-514F-4938-86D3-518C3C99488A}"
EndProject
Project("{2150E333-8FDC-42A3-9474-1A3956D46DE8}") = "src", "src", "{BE199D7C-80EE-4037-94AE-3E4C2920E1C4}"
EndProject
Project("{2150E333-8FDC-42A3-9474-1A3956D46DE8}") = "test", "test", "{FE3C6A26-712E-446D-BE2B-311D1338A4A5}"
EndProject
Project("{FAE04EC0-301F-11D3-BF4B-00C04F79EFBC}") = "MyShuttle.IntegrationTests", "MyShuttle.IntegrationTests\MyShuttle.IntegrationTests.csproj", "{A19702A5-98CA-49CF-8F8B-2D2F873575AC}"
EndProject
Global
	GlobalSection(SolutionConfigurationPlatforms) = preSolution
		Debug|Any CPU = Debug|Any CPU
		Release|Any CPU = Release|Any CPU
	EndGlobalSection
	GlobalSection(ProjectConfigurationPlatforms) = postSolution
		{1361CDA1-E16B-4C72-9E91-2B6AE70D5E40}.Debug|Any CPU.ActiveCfg = Debug|Any CPU
		{1361CDA1-E16B-4C72-9E91-2B6AE70D5E40}.Debug|Any CPU.Build.0 = Debug|Any CPU
		{1361CDA1-E16B-4C72-9E91-2B6AE70D5E40}.Release|Any CPU.ActiveCfg = Release|Any CPU
		{1361CDA1-E16B-4C72-9E91-2B6AE70D5E40}.Release|Any CPU.Build.0 = Release|Any CPU
		{D0414E28-07EE-49E7-A66A-5A4E0A50F5E8}.Debug|Any CPU.ActiveCfg = Debug|Any CPU
		{D0414E28-07EE-49E7-A66A-5A4E0A50F5E8}.Debug|Any CPU.Build.0 = Debug|Any CPU
		{D0414E28-07EE-49E7-A66A-5A4E0A50F5E8}.Release|Any CPU.ActiveCfg = Release|Any CPU
		{D0414E28-07EE-49E7-A66A-5A4E0A50F5E8}.Release|Any CPU.Build.0 = Release|Any CPU
		{41194EDD-514F-4938-86D3-518C3C99488A}.Debug|Any CPU.ActiveCfg = Debug|Any CPU
		{41194EDD-514F-4938-86D3-518C3C99488A}.Debug|Any CPU.Build.0 = Debug|Any CPU
		{41194EDD-514F-4938-86D3-518C3C99488A}.Release|Any CPU.ActiveCfg = Release|Any CPU
		{41194EDD-514F-4938-86D3-518C3C99488A}.Release|Any CPU.Build.0 = Release|Any CPU
		{A19702A5-98CA-49CF-8F8B-2D2F873575AC}.Debug|Any CPU.ActiveCfg = Debug|Any CPU
		{A19702A5-98CA-49CF-8F8B-2D2F873575AC}.Debug|Any CPU.Build.0 = Debug|Any CPU
		{A19702A5-98CA-49CF-8F8B-2D2F873575AC}.Release|Any CPU.ActiveCfg = Release|Any CPU
		{A19702A5-98CA-49CF-8F8B-2D2F873575AC}.Release|Any CPU.Build.0 = Release|Any CPU
	EndGlobalSection
	GlobalSection(SolutionProperties) = preSolution
		HideSolutionNode = FALSE
	EndGlobalSection
	GlobalSection(NestedProjects) = preSolution
		{1361CDA1-E16B-4C72-9E91-2B6AE70D5E40} = {BE199D7C-80EE-4037-94AE-3E4C2920E1C4}
		{D0414E28-07EE-49E7-A66A-5A4E0A50F5E8} = {BE199D7C-80EE-4037-94AE-3E4C2920E1C4}
		{41194EDD-514F-4938-86D3-518C3C99488A} = {BE199D7C-80EE-4037-94AE-3E4C2920E1C4}
		{A19702A5-98CA-49CF-8F8B-2D2F873575AC} = {FE3C6A26-712E-446D-BE2B-311D1338A4A5}
	EndGlobalSection
	GlobalSection(ExtensibilityGlobals) = postSolution
		SolutionGuid = {B86E85A4-09C8-48C7-A788-433E5076F894}
	EndGlobalSection
EndGlobal
